
Microsoft Visual Studio Solution File, Format Version 12.00
# Visual Studio Version 16
VisualStudioVersion = 16.0.31515.178
MinimumVisualStudioVersion = 10.0.40219.1
Project("{FAE04EC0-301F-11D3-BF4B-00C04F79EFBC}") = "Project", "Project\Project.csproj", "{B04E83C6-7D02-4C32-A628-D833144EC97A}"
EndProject
Global
	GlobalSection(SolutionConfigurationPlatforms) = preSolution
		Debug|Any CPU = Debug|Any CPU
		Release|Any CPU = Release|Any CPU
	EndGlobalSection
	GlobalSection(ProjectConfigurationPlatforms) = postSolution
		{B04E83C6-7D02-4C32-A628-D833144EC97A}.Debug|Any CPU.ActiveCfg = Debug|Any CPU
		{B04E83C6-7D02-4C32-A628-D833144EC97A}.Debug|Any CPU.Build.0 = Debug|Any CPU
		{B04E83C6-7D02-4C32-A628-D833144EC97A}.Release|Any CPU.ActiveCfg = Release|Any CPU
		{B04E83C6-7D02-4C32-A628-D833144EC97A}.Release|Any CPU.Build.0 = Release|Any CPU
	EndGlobalSection
	GlobalSection(SolutionProperties) = preSolution
		HideSolutionNode = FALSE
	EndGlobalSection
	GlobalSection(ExtensibilityGlobals) = postSolution
		SolutionGuid = {60827D7D-995B-4806-A01D-603EE55A6B7D}
	EndGlobalSection
EndGlobal
